
Microsoft Visual Studio Solution File, Format Version 12.00
# Visual Studio Version 17
VisualStudioVersion = 17.10.34928.147
MinimumVisualStudioVersion = 10.0.40219.1
Project("{FAE04EC0-301F-11D3-BF4B-00C04F79EFBC}") = "WinFormsAppChart", "WinFormsAppChart\WinFormsAppChart.csproj", "{E8C1A546-0862-4B5F-A1A6-03C06DBF79B2}"
EndProject
Project("{2150E333-8FDC-42A3-9474-1A3956D46DE8}") = "Task0", "Task0", "{02EA681E-C7D8-13C7-8484-4AC65E1B71E8}"
EndProject
Project("{FAE04EC0-301F-11D3-BF4B-00C04F79EFBC}") = "Tyuiu.BaturinaSA.Sprint6.Task0.V18.Lib", "Tyuiu.BaturinaSA.Sprint6.Task0.V18.Lib\Tyuiu.BaturinaSA.Sprint6.Task0.V18.Lib.csproj", "{F8747196-940E-4092-941A-B37281D4FD17}"
EndProject
Project("{FAE04EC0-301F-11D3-BF4B-00C04F79EFBC}") = "Tyuiu.BaturinaSA.Sprint6.Task0.V18.Test", "Tyuiu.BaturinaSA.Sprint6.Task0.V18.Test\Tyuiu.BaturinaSA.Sprint6.Task0.V18.Test.csproj", "{8BDBEC35-B92C-4A08-AB7D-6A8EB4D3C6C3}"
EndProject
Project("{FAE04EC0-301F-11D3-BF4B-00C04F79EFBC}") = "Tyuiu.BaturinaSA.Sprint6.Task0.V18", "Tyuiu.BaturinaSA.Sprint6.Task0.V18\Tyuiu.BaturinaSA.Sprint6.Task0.V18.csproj", "{F6F12457-1805-4655-BC00-169B13EB19C2}"
EndProject
Project("{2150E333-8FDC-42A3-9474-1A3956D46DE8}") = "Task1", "Task1", "{AA832BCA-CB10-4AC5-85D9-D9CAD42192CA}"
EndProject
Project("{FAE04EC0-301F-11D3-BF4B-00C04F79EFBC}") = "Tyuiu.BaturinaSA.Sprint6.Task1.V29", "Tyuiu.BaturinaSA.Sprint6.Task1.V29\Tyuiu.BaturinaSA.Sprint6.Task1.V29.csproj", "{2FABD827-2341-41EE-886E-A4FDD6106501}"
EndProject
Project("{FAE04EC0-301F-11D3-BF4B-00C04F79EFBC}") = "Tyuiu.BaturinaSA.Sprint6.Task1.V29.Lib", "Tyuiu.BaturinaSA.Sprint6.Task1.V29.Lib\Tyuiu.BaturinaSA.Sprint6.Task1.V29.Lib.csproj", "{F324D3BD-68AB-49D7-B2A1-F54B47067D87}"
EndProject
Project("{FAE04EC0-301F-11D3-BF4B-00C04F79EFBC}") = "Tyuiu.BaturinaSA.Sprint6.Task1.V29.Test", "Tyuiu.BaturinaSA.Sprint6.Task1.V29.Test\Tyuiu.BaturinaSA.Sprint6.Task1.V29.Test.csproj", "{610D4DCC-B33B-43A2-8C1F-E9B8BCAD3B07}"
EndProject
Project("{2150E333-8FDC-42A3-9474-1A3956D46DE8}") = "Task2", "Task2", "{1FE7C52A-A649-43D3-B552-BE31B0C43126}"
EndProject
Project("{FAE04EC0-301F-11D3-BF4B-00C04F79EFBC}") = "Tyuiu.BaturinaSA.Sprint6.Task2.V7", "Tyuiu.BaturinaSA.Sprint6.Task2.V7\Tyuiu.BaturinaSA.Sprint6.Task2.V7.csproj", "{BFF9B2A9-6D35-4676-B1C5-75BB4E8EFB65}"
EndProject
Project("{FAE04EC0-301F-11D3-BF4B-00C04F79EFBC}") = "Tyuiu.BaturinaSA.Sprint6.Task2.V7.Lib", "Tyuiu.BaturinaSA.Sprint6.Task2.V7.Lib\Tyuiu.BaturinaSA.Sprint6.Task2.V7.Lib.csproj", "{0B247C5D-F625-4A8A-98D3-297438554F77}"
EndProject
Project("{FAE04EC0-301F-11D3-BF4B-00C04F79EFBC}") = "Tyuiu.BaturinaSA.Sprint6.Task2.V7.Test", "Tyuiu.BaturinaSA.Sprint6.Task2.V7.Test\Tyuiu.BaturinaSA.Sprint6.Task2.V7.Test.csproj", "{DEE89CEB-77D8-4D1A-A844-E5AE8703626C}"
EndProject
Project("{2150E333-8FDC-42A3-9474-1A3956D46DE8}") = "Task3", "Task3", "{EAA792EB-5874-43AD-8619-AF45ABB3A9F6}"
EndProject
Project("{FAE04EC0-301F-11D3-BF4B-00C04F79EFBC}") = "Tyuiu.BaturinaSA.Sprint6.Task3.V24", "Tyuiu.BaturinaSA.Sprint6.Task3.V24\Tyuiu.BaturinaSA.Sprint6.Task3.V24.csproj", "{FAC275CC-3786-40A4-9317-5CED1BF1AE13}"
EndProject
Project("{FAE04EC0-301F-11D3-BF4B-00C04F79EFBC}") = "Tyuiu.BaturinaSA.Sprint6.Task3.V24.Lib", "Tyuiu.BaturinaSA.Sprint6.Task3.V24.Lib\Tyuiu.BaturinaSA.Sprint6.Task3.V24.Lib.csproj", "{3F0D21E8-73A2-473F-84C3-BDDB79BB4EA6}"
EndProject
Project("{FAE04EC0-301F-11D3-BF4B-00C04F79EFBC}") = "Tyuiu.BaturinaSA.Sprint6.Task3.V24.Test", "Tyuiu.BaturinaSA.Sprint6.Task3.V24.Test\Tyuiu.BaturinaSA.Sprint6.Task3.V24.Test.csproj", "{307485AB-9ED6-48A9-A6C7-00110F0F358C}"
EndProject
Project("{2150E333-8FDC-42A3-9474-1A3956D46DE8}") = "Task4", "Task4", "{80C389DF-0D7D-465A-BD24-C2B324342D5C}"
EndProject
Project("{FAE04EC0-301F-11D3-BF4B-00C04F79EFBC}") = "Tyuiu.BaturinaSA.Sprint6.Task4.V4.Lib", "Tyuiu.BaturinaSA.Sprint6.Task4.V4.Lib\Tyuiu.BaturinaSA.Sprint6.Task4.V4.Lib.csproj", "{851A1220-2848-4F0D-B746-B80131584F74}"
EndProject
Project("{FAE04EC0-301F-11D3-BF4B-00C04F79EFBC}") = "Tyuiu.BaturinaSA.Sprint6.Task4.V4.Test", "Tyuiu.BaturinaSA.Sprint6.Task4.V4.Test\Tyuiu.BaturinaSA.Sprint6.Task4.V4.Test.csproj", "{9468A84A-E724-495B-ABE6-E696CC871341}"
EndProject
Project("{FAE04EC0-301F-11D3-BF4B-00C04F79EFBC}") = "Tyuiu.BaturinaSA.Sprint6.Task4.V4", "Tyuiu.BaturinaSA.Sprint6.Task4.V4\Tyuiu.BaturinaSA.Sprint6.Task4.V4.csproj", "{19E2FB1C-3027-4091-8C1D-F462538B35D6}"
EndProject
Project("{2150E333-8FDC-42A3-9474-1A3956D46DE8}") = "Task5", "Task5", "{AE42164C-A382-46F4-901B-3082D447EA95}"
EndProject
Project("{FAE04EC0-301F-11D3-BF4B-00C04F79EFBC}") = "Tyuiu.BaturinaSA.Sprint6.Task5.V21.Lib", "Tyuiu.BaturinaSA.Sprint6.Task5.V21.Lib\Tyuiu.BaturinaSA.Sprint6.Task5.V21.Lib.csproj", "{D012C3A1-DE92-4AFE-9F08-0D3C1B6CE2F8}"
EndProject
Project("{FAE04EC0-301F-11D3-BF4B-00C04F79EFBC}") = "Tyuiu.BaturinaSA.Sprint6.Task5.V21.Test", "Tyuiu.BaturinaSA.Sprint6.Task5.V21.Test\Tyuiu.BaturinaSA.Sprint6.Task5.V21.Test.csproj", "{88F70582-259A-44A5-A00C-E964987E5061}"
EndProject
Project("{FAE04EC0-301F-11D3-BF4B-00C04F79EFBC}") = "Tyuiu.BaturinaSA.Sprint6.Task5.V21", "Tyuiu.BaturinaSA.Sprint6.Task5.V21\Tyuiu.BaturinaSA.Sprint6.Task5.V21.csproj", "{C637A81A-2AF9-4D2E-9C44-0AA467B550D9}"
EndProject
Project("{2150E333-8FDC-42A3-9474-1A3956D46DE8}") = "Task6", "Task6", "{8E0FCCCA-450E-4140-B398-D1506E0CC25A}"
EndProject
Project("{FAE04EC0-301F-11D3-BF4B-00C04F79EFBC}") = "Tyuiu.BaturinaSA.Sprint6.Task6.V27", "Tyuiu.BaturinaSA.Sprint6.Task6.V27\Tyuiu.BaturinaSA.Sprint6.Task6.V27.csproj", "{1FC1B2CA-6020-4EC1-B819-82C2B2F0793F}"
EndProject
Project("{FAE04EC0-301F-11D3-BF4B-00C04F79EFBC}") = "Tyuiu.BaturinaSA.Sprint6.Task6.V27.Lib", "Tyuiu.BaturinaSA.Sprint6.Task6.V27.Lib\Tyuiu.BaturinaSA.Sprint6.Task6.V27.Lib.csproj", "{1F7BBE3D-23A1-4F87-A468-3055BBAD15C0}"
EndProject
Project("{FAE04EC0-301F-11D3-BF4B-00C04F79EFBC}") = "Tyuiu.BaturinaSA.Sprint6.Task6.V27.Test", "Tyuiu.BaturinaSA.Sprint6.Task6.V27.Test\Tyuiu.BaturinaSA.Sprint6.Task6.V27.Test.csproj", "{5214F9C7-C76C-4198-A487-BDE22CB5B7BE}"
EndProject
Global
	GlobalSection(SolutionConfigurationPlatforms) = preSolution
		Debug|Any CPU = Debug|Any CPU
		Release|Any CPU = Release|Any CPU
	EndGlobalSection
	GlobalSection(ProjectConfigurationPlatforms) = postSolution
		{E8C1A546-0862-4B5F-A1A6-03C06DBF79B2}.Debug|Any CPU.ActiveCfg = Debug|Any CPU
		{E8C1A546-0862-4B5F-A1A6-03C06DBF79B2}.Debug|Any CPU.Build.0 = Debug|Any CPU
		{E8C1A546-0862-4B5F-A1A6-03C06DBF79B2}.Release|Any CPU.ActiveCfg = Release|Any CPU
		{E8C1A546-0862-4B5F-A1A6-03C06DBF79B2}.Release|Any CPU.Build.0 = Release|Any CPU
		{F8747196-940E-4092-941A-B37281D4FD17}.Debug|Any CPU.ActiveCfg = Debug|Any CPU
		{F8747196-940E-4092-941A-B37281D4FD17}.Debug|Any CPU.Build.0 = Debug|Any CPU
		{F8747196-940E-4092-941A-B37281D4FD17}.Release|Any CPU.ActiveCfg = Release|Any CPU
		{F8747196-940E-4092-941A-B37281D4FD17}.Release|Any CPU.Build.0 = Release|Any CPU
		{8BDBEC35-B92C-4A08-AB7D-6A8EB4D3C6C3}.Debug|Any CPU.ActiveCfg = Debug|Any CPU
		{8BDBEC35-B92C-4A08-AB7D-6A8EB4D3C6C3}.Debug|Any CPU.Build.0 = Debug|Any CPU
		{8BDBEC35-B92C-4A08-AB7D-6A8EB4D3C6C3}.Release|Any CPU.ActiveCfg = Release|Any CPU
		{8BDBEC35-B92C-4A08-AB7D-6A8EB4D3C6C3}.Release|Any CPU.Build.0 = Release|Any CPU
		{F6F12457-1805-4655-BC00-169B13EB19C2}.Debug|Any CPU.ActiveCfg = Debug|Any CPU
		{F6F12457-1805-4655-BC00-169B13EB19C2}.Debug|Any CPU.Build.0 = Debug|Any CPU
		{F6F12457-1805-4655-BC00-169B13EB19C2}.Release|Any CPU.ActiveCfg = Release|Any CPU
		{F6F12457-1805-4655-BC00-169B13EB19C2}.Release|Any CPU.Build.0 = Release|Any CPU
		{2FABD827-2341-41EE-886E-A4FDD6106501}.Debug|Any CPU.ActiveCfg = Debug|Any CPU
		{2FABD827-2341-41EE-886E-A4FDD6106501}.Debug|Any CPU.Build.0 = Debug|Any CPU
		{2FABD827-2341-41EE-886E-A4FDD6106501}.Release|Any CPU.ActiveCfg = Release|Any CPU
		{2FABD827-2341-41EE-886E-A4FDD6106501}.Release|Any CPU.Build.0 = Release|Any CPU
		{F324D3BD-68AB-49D7-B2A1-F54B47067D87}.Debug|Any CPU.ActiveCfg = Debug|Any CPU
		{F324D3BD-68AB-49D7-B2A1-F54B47067D87}.Debug|Any CPU.Build.0 = Debug|Any CPU
		{F324D3BD-68AB-49D7-B2A1-F54B47067D87}.Release|Any CPU.ActiveCfg = Release|Any CPU
		{F324D3BD-68AB-49D7-B2A1-F54B47067D87}.Release|Any CPU.Build.0 = Release|Any CPU
		{610D4DCC-B33B-43A2-8C1F-E9B8BCAD3B07}.Debug|Any CPU.ActiveCfg = Debug|Any CPU
		{610D4DCC-B33B-43A2-8C1F-E9B8BCAD3B07}.Debug|Any CPU.Build.0 = Debug|Any CPU
		{610D4DCC-B33B-43A2-8C1F-E9B8BCAD3B07}.Release|Any CPU.ActiveCfg = Release|Any CPU
		{610D4DCC-B33B-43A2-8C1F-E9B8BCAD3B07}.Release|Any CPU.Build.0 = Release|Any CPU
		{BFF9B2A9-6D35-4676-B1C5-75BB4E8EFB65}.Debug|Any CPU.ActiveCfg = Debug|Any CPU
		{BFF9B2A9-6D35-4676-B1C5-75BB4E8EFB65}.Debug|Any CPU.Build.0 = Debug|Any CPU
		{BFF9B2A9-6D35-4676-B1C5-75BB4E8EFB65}.Release|Any CPU.ActiveCfg = Release|Any CPU
		{BFF9B2A9-6D35-4676-B1C5-75BB4E8EFB65}.Release|Any CPU.Build.0 = Release|Any CPU
		{0B247C5D-F625-4A8A-98D3-297438554F77}.Debug|Any CPU.ActiveCfg = Debug|Any CPU
		{0B247C5D-F625-4A8A-98D3-297438554F77}.Debug|Any CPU.Build.0 = Debug|Any CPU
		{0B247C5D-F625-4A8A-98D3-297438554F77}.Release|Any CPU.ActiveCfg = Release|Any CPU
		{0B247C5D-F625-4A8A-98D3-297438554F77}.Release|Any CPU.Build.0 = Release|Any CPU
		{DEE89CEB-77D8-4D1A-A844-E5AE8703626C}.Debug|Any CPU.ActiveCfg = Debug|Any CPU
		{DEE89CEB-77D8-4D1A-A844-E5AE8703626C}.Debug|Any CPU.Build.0 = Debug|Any CPU
		{DEE89CEB-77D8-4D1A-A844-E5AE8703626C}.Release|Any CPU.ActiveCfg = Release|Any CPU
		{DEE89CEB-77D8-4D1A-A844-E5AE8703626C}.Release|Any CPU.Build.0 = Release|Any CPU
		{FAC275CC-3786-40A4-9317-5CED1BF1AE13}.Debug|Any CPU.ActiveCfg = Debug|Any CPU
		{FAC275CC-3786-40A4-9317-5CED1BF1AE13}.Debug|Any CPU.Build.0 = Debug|Any CPU
		{FAC275CC-3786-40A4-9317-5CED1BF1AE13}.Release|Any CPU.ActiveCfg = Release|Any CPU
		{FAC275CC-3786-40A4-9317-5CED1BF1AE13}.Release|Any CPU.Build.0 = Release|Any CPU
		{3F0D21E8-73A2-473F-84C3-BDDB79BB4EA6}.Debug|Any CPU.ActiveCfg = Debug|Any CPU
		{3F0D21E8-73A2-473F-84C3-BDDB79BB4EA6}.Debug|Any CPU.Build.0 = Debug|Any CPU
		{3F0D21E8-73A2-473F-84C3-BDDB79BB4EA6}.Release|Any CPU.ActiveCfg = Release|Any CPU
		{3F0D21E8-73A2-473F-84C3-BDDB79BB4EA6}.Release|Any CPU.Build.0 = Release|Any CPU
		{307485AB-9ED6-48A9-A6C7-00110F0F358C}.Debug|Any CPU.ActiveCfg = Debug|Any CPU
		{307485AB-9ED6-48A9-A6C7-00110F0F358C}.Debug|Any CPU.Build.0 = Debug|Any CPU
		{307485AB-9ED6-48A9-A6C7-00110F0F358C}.Release|Any CPU.ActiveCfg = Release|Any CPU
		{307485AB-9ED6-48A9-A6C7-00110F0F358C}.Release|Any CPU.Build.0 = Release|Any CPU
		{851A1220-2848-4F0D-B746-B80131584F74}.Debug|Any CPU.ActiveCfg = Debug|Any CPU
		{851A1220-2848-4F0D-B746-B80131584F74}.Debug|Any CPU.Build.0 = Debug|Any CPU
		{851A1220-2848-4F0D-B746-B80131584F74}.Release|Any CPU.ActiveCfg = Release|Any CPU
		{851A1220-2848-4F0D-B746-B80131584F74}.Release|Any CPU.Build.0 = Release|Any CPU
		{9468A84A-E724-495B-ABE6-E696CC871341}.Debug|Any CPU.ActiveCfg = Debug|Any CPU
		{9468A84A-E724-495B-ABE6-E696CC871341}.Debug|Any CPU.Build.0 = Debug|Any CPU
		{9468A84A-E724-495B-ABE6-E696CC871341}.Release|Any CPU.ActiveCfg = Release|Any CPU
		{9468A84A-E724-495B-ABE6-E696CC871341}.Release|Any CPU.Build.0 = Release|Any CPU
		{19E2FB1C-3027-4091-8C1D-F462538B35D6}.Debug|Any CPU.ActiveCfg = Debug|Any CPU
		{19E2FB1C-3027-4091-8C1D-F462538B35D6}.Debug|Any CPU.Build.0 = Debug|Any CPU
		{19E2FB1C-3027-4091-8C1D-F462538B35D6}.Release|Any CPU.ActiveCfg = Release|Any CPU
		{19E2FB1C-3027-4091-8C1D-F462538B35D6}.Release|Any CPU.Build.0 = Release|Any CPU
		{D012C3A1-DE92-4AFE-9F08-0D3C1B6CE2F8}.Debug|Any CPU.ActiveCfg = Debug|Any CPU
		{D012C3A1-DE92-4AFE-9F08-0D3C1B6CE2F8}.Debug|Any CPU.Build.0 = Debug|Any CPU
		{D012C3A1-DE92-4AFE-9F08-0D3C1B6CE2F8}.Release|Any CPU.ActiveCfg = Release|Any CPU
		{D012C3A1-DE92-4AFE-9F08-0D3C1B6CE2F8}.Release|Any CPU.Build.0 = Release|Any CPU
		{88F70582-259A-44A5-A00C-E964987E5061}.Debug|Any CPU.ActiveCfg = Debug|Any CPU
		{88F70582-259A-44A5-A00C-E964987E5061}.Debug|Any CPU.Build.0 = Debug|Any CPU
		{88F70582-259A-44A5-A00C-E964987E5061}.Release|Any CPU.ActiveCfg = Release|Any CPU
		{88F70582-259A-44A5-A00C-E964987E5061}.Release|Any CPU.Build.0 = Release|Any CPU
		{C637A81A-2AF9-4D2E-9C44-0AA467B550D9}.Debug|Any CPU.ActiveCfg = Debug|Any CPU
		{C637A81A-2AF9-4D2E-9C44-0AA467B550D9}.Debug|Any CPU.Build.0 = Debug|Any CPU
		{C637A81A-2AF9-4D2E-9C44-0AA467B550D9}.Release|Any CPU.ActiveCfg = Release|Any CPU
		{C637A81A-2AF9-4D2E-9C44-0AA467B550D9}.Release|Any CPU.Build.0 = Release|Any CPU
		{1FC1B2CA-6020-4EC1-B819-82C2B2F0793F}.Debug|Any CPU.ActiveCfg = Debug|Any CPU
		{1FC1B2CA-6020-4EC1-B819-82C2B2F0793F}.Debug|Any CPU.Build.0 = Debug|Any CPU
		{1FC1B2CA-6020-4EC1-B819-82C2B2F0793F}.Release|Any CPU.ActiveCfg = Release|Any CPU
		{1FC1B2CA-6020-4EC1-B819-82C2B2F0793F}.Release|Any CPU.Build.0 = Release|Any CPU
		{1F7BBE3D-23A1-4F87-A468-3055BBAD15C0}.Debug|Any CPU.ActiveCfg = Debug|Any CPU
		{1F7BBE3D-23A1-4F87-A468-3055BBAD15C0}.Debug|Any CPU.Build.0 = Debug|Any CPU
		{1F7BBE3D-23A1-4F87-A468-3055BBAD15C0}.Release|Any CPU.ActiveCfg = Release|Any CPU
		{1F7BBE3D-23A1-4F87-A468-3055BBAD15C0}.Release|Any CPU.Build.0 = Release|Any CPU
		{5214F9C7-C76C-4198-A487-BDE22CB5B7BE}.Debug|Any CPU.ActiveCfg = Debug|Any CPU
		{5214F9C7-C76C-4198-A487-BDE22CB5B7BE}.Debug|Any CPU.Build.0 = Debug|Any CPU
		{5214F9C7-C76C-4198-A487-BDE22CB5B7BE}.Release|Any CPU.ActiveCfg = Release|Any CPU
		{5214F9C7-C76C-4198-A487-BDE22CB5B7BE}.Release|Any CPU.Build.0 = Release|Any CPU
	EndGlobalSection
	GlobalSection(SolutionProperties) = preSolution
		HideSolutionNode = FALSE
	EndGlobalSection
	GlobalSection(NestedProjects) = preSolution
		{F8747196-940E-4092-941A-B37281D4FD17} = {02EA681E-C7D8-13C7-8484-4AC65E1B71E8}
		{8BDBEC35-B92C-4A08-AB7D-6A8EB4D3C6C3} = {02EA681E-C7D8-13C7-8484-4AC65E1B71E8}
		{F6F12457-1805-4655-BC00-169B13EB19C2} = {02EA681E-C7D8-13C7-8484-4AC65E1B71E8}
		{2FABD827-2341-41EE-886E-A4FDD6106501} = {AA832BCA-CB10-4AC5-85D9-D9CAD42192CA}
		{F324D3BD-68AB-49D7-B2A1-F54B47067D87} = {AA832BCA-CB10-4AC5-85D9-D9CAD42192CA}
		{610D4DCC-B33B-43A2-8C1F-E9B8BCAD3B07} = {AA832BCA-CB10-4AC5-85D9-D9CAD42192CA}
		{BFF9B2A9-6D35-4676-B1C5-75BB4E8EFB65} = {1FE7C52A-A649-43D3-B552-BE31B0C43126}
		{0B247C5D-F625-4A8A-98D3-297438554F77} = {1FE7C52A-A649-43D3-B552-BE31B0C43126}
		{DEE89CEB-77D8-4D1A-A844-E5AE8703626C} = {1FE7C52A-A649-43D3-B552-BE31B0C43126}
		{FAC275CC-3786-40A4-9317-5CED1BF1AE13} = {EAA792EB-5874-43AD-8619-AF45ABB3A9F6}
		{3F0D21E8-73A2-473F-84C3-BDDB79BB4EA6} = {EAA792EB-5874-43AD-8619-AF45ABB3A9F6}
		{307485AB-9ED6-48A9-A6C7-00110F0F358C} = {EAA792EB-5874-43AD-8619-AF45ABB3A9F6}
		{851A1220-2848-4F0D-B746-B80131584F74} = {80C389DF-0D7D-465A-BD24-C2B324342D5C}
		{9468A84A-E724-495B-ABE6-E696CC871341} = {80C389DF-0D7D-465A-BD24-C2B324342D5C}
		{19E2FB1C-3027-4091-8C1D-F462538B35D6} = {80C389DF-0D7D-465A-BD24-C2B324342D5C}
		{D012C3A1-DE92-4AFE-9F08-0D3C1B6CE2F8} = {AE42164C-A382-46F4-901B-3082D447EA95}
		{88F70582-259A-44A5-A00C-E964987E5061} = {AE42164C-A382-46F4-901B-3082D447EA95}
		{C637A81A-2AF9-4D2E-9C44-0AA467B550D9} = {AE42164C-A382-46F4-901B-3082D447EA95}
		{1FC1B2CA-6020-4EC1-B819-82C2B2F0793F} = {8E0FCCCA-450E-4140-B398-D1506E0CC25A}
		{1F7BBE3D-23A1-4F87-A468-3055BBAD15C0} = {8E0FCCCA-450E-4140-B398-D1506E0CC25A}
		{5214F9C7-C76C-4198-A487-BDE22CB5B7BE} = {8E0FCCCA-450E-4140-B398-D1506E0CC25A}
	EndGlobalSection
	GlobalSection(ExtensibilityGlobals) = postSolution
		SolutionGuid = {7870642F-A649-406B-BA2A-710AFB870348}
	EndGlobalSection
EndGlobal
